
Microsoft Visual Studio Solution File, Format Version 12.00
# Visual Studio Version 16
VisualStudioVersion = 16.0.30907.101
MinimumVisualStudioVersion = 10.0.40219.1
Project("{9A19103F-16F7-4668-BE54-9A1E7A4F7556}") = "Lucida.Krab", "Lucida.Krab\Lucida.Krab.csproj", "{F2DBF6B2-436E-4087-AEB6-93D1DA7372B0}"
EndProject
Project("{9A19103F-16F7-4668-BE54-9A1E7A4F7556}") = "Lucida.Krab.IDE", "Lucida.Krab.IDE\Lucida.Krab.IDE.csproj", "{E177DD1C-D4F9-459A-8A53-019265DAE266}"
EndProject
Global
	GlobalSection(SolutionConfigurationPlatforms) = preSolution
		Debug|Any CPU = Debug|Any CPU
		Release|Any CPU = Release|Any CPU
	EndGlobalSection
	GlobalSection(ProjectConfigurationPlatforms) = postSolution
		{F2DBF6B2-436E-4087-AEB6-93D1DA7372B0}.Debug|Any CPU.ActiveCfg = Debug|Any CPU
		{F2DBF6B2-436E-4087-AEB6-93D1DA7372B0}.Debug|Any CPU.Build.0 = Debug|Any CPU
		{F2DBF6B2-436E-4087-AEB6-93D1DA7372B0}.Release|Any CPU.ActiveCfg = Release|Any CPU
		{F2DBF6B2-436E-4087-AEB6-93D1DA7372B0}.Release|Any CPU.Build.0 = Release|Any CPU
		{E177DD1C-D4F9-459A-8A53-019265DAE266}.Debug|Any CPU.ActiveCfg = Debug|Any CPU
		{E177DD1C-D4F9-459A-8A53-019265DAE266}.Debug|Any CPU.Build.0 = Debug|Any CPU
		{E177DD1C-D4F9-459A-8A53-019265DAE266}.Release|Any CPU.ActiveCfg = Release|Any CPU
		{E177DD1C-D4F9-459A-8A53-019265DAE266}.Release|Any CPU.Build.0 = Release|Any CPU
	EndGlobalSection
	GlobalSection(SolutionProperties) = preSolution
		HideSolutionNode = FALSE
	EndGlobalSection
	GlobalSection(ExtensibilityGlobals) = postSolution
		SolutionGuid = {F3CD883C-3FC8-442C-AC9A-EA63BC15A103}
	EndGlobalSection
EndGlobal
